
Microsoft Visual Studio Solution File, Format Version 12.00
# Visual Studio 15
VisualStudioVersion = 15.0.26430.14
MinimumVisualStudioVersion = 10.0.40219.1
Project("{9A19103F-16F7-4668-BE54-9A1E7A4F7556}") = "Elton.Phantom", "Elton.Phantom\Elton.Phantom.csproj", "{30FE14EF-E3D2-4714-9D28-6E80E2052792}"
EndProject
Project("{FAE04EC0-301F-11D3-BF4B-00C04F79EFBC}") = "Elton.Phantom.Tests", "Elton.Phantom.Tests\Elton.Phantom.Tests.csproj", "{C94098C2-EC4D-4A4A-A0CC-9421EA6C48C0}"
EndProject
Project("{FAE04EC0-301F-11D3-BF4B-00C04F79EFBC}") = "Elton.Phantom.Win", "Elton.Phantom.Win\Elton.Phantom.Win.csproj", "{BCB84F16-D465-470B-B05B-332FDC673045}"
EndProject
Project("{9A19103F-16F7-4668-BE54-9A1E7A4F7556}") = "Elton.Phantom.Web", "Elton.Phantom.Web\Elton.Phantom.Web.csproj", "{76DF9CD8-AE35-48D6-AE3F-4276566370BC}"
EndProject
Project("{9A19103F-16F7-4668-BE54-9A1E7A4F7556}") = "Elton.OAuth2", "..\..\..\OAuth2\src\OAuth2\Elton.OAuth2\Elton.OAuth2.csproj", "{3CCEB1A7-40AD-4A0A-B39E-2ECD11D9393E}"
EndProject
Global
	GlobalSection(SolutionConfigurationPlatforms) = preSolution
		Debug|Any CPU = Debug|Any CPU
		Release|Any CPU = Release|Any CPU
	EndGlobalSection
	GlobalSection(ProjectConfigurationPlatforms) = postSolution
		{30FE14EF-E3D2-4714-9D28-6E80E2052792}.Debug|Any CPU.ActiveCfg = Debug|Any CPU
		{30FE14EF-E3D2-4714-9D28-6E80E2052792}.Debug|Any CPU.Build.0 = Debug|Any CPU
		{30FE14EF-E3D2-4714-9D28-6E80E2052792}.Release|Any CPU.ActiveCfg = Release|Any CPU
		{30FE14EF-E3D2-4714-9D28-6E80E2052792}.Release|Any CPU.Build.0 = Release|Any CPU
		{C94098C2-EC4D-4A4A-A0CC-9421EA6C48C0}.Debug|Any CPU.ActiveCfg = Debug|Any CPU
		{C94098C2-EC4D-4A4A-A0CC-9421EA6C48C0}.Debug|Any CPU.Build.0 = Debug|Any CPU
		{C94098C2-EC4D-4A4A-A0CC-9421EA6C48C0}.Release|Any CPU.ActiveCfg = Release|Any CPU
		{C94098C2-EC4D-4A4A-A0CC-9421EA6C48C0}.Release|Any CPU.Build.0 = Release|Any CPU
		{BCB84F16-D465-470B-B05B-332FDC673045}.Debug|Any CPU.ActiveCfg = Debug|Any CPU
		{BCB84F16-D465-470B-B05B-332FDC673045}.Debug|Any CPU.Build.0 = Debug|Any CPU
		{BCB84F16-D465-470B-B05B-332FDC673045}.Release|Any CPU.ActiveCfg = Release|Any CPU
		{BCB84F16-D465-470B-B05B-332FDC673045}.Release|Any CPU.Build.0 = Release|Any CPU
		{76DF9CD8-AE35-48D6-AE3F-4276566370BC}.Debug|Any CPU.ActiveCfg = Debug|Any CPU
		{76DF9CD8-AE35-48D6-AE3F-4276566370BC}.Debug|Any CPU.Build.0 = Debug|Any CPU
		{76DF9CD8-AE35-48D6-AE3F-4276566370BC}.Release|Any CPU.ActiveCfg = Release|Any CPU
		{76DF9CD8-AE35-48D6-AE3F-4276566370BC}.Release|Any CPU.Build.0 = Release|Any CPU
		{3CCEB1A7-40AD-4A0A-B39E-2ECD11D9393E}.Debug|Any CPU.ActiveCfg = Debug|Any CPU
		{3CCEB1A7-40AD-4A0A-B39E-2ECD11D9393E}.Debug|Any CPU.Build.0 = Debug|Any CPU
		{3CCEB1A7-40AD-4A0A-B39E-2ECD11D9393E}.Release|Any CPU.ActiveCfg = Release|Any CPU
		{3CCEB1A7-40AD-4A0A-B39E-2ECD11D9393E}.Release|Any CPU.Build.0 = Release|Any CPU
	EndGlobalSection
	GlobalSection(SolutionProperties) = preSolution
		HideSolutionNode = FALSE
	EndGlobalSection
	GlobalSection(ExtensibilityGlobals) = postSolution
		SolutionGuid = {9B2FB081-7855-448E-9B1F-E3D43430298C}
	EndGlobalSection
EndGlobal
